// !$*UTF8*$!
{
	archiveVersion = 1;
	classes = {
	};
	objectVersion = 77;
	objects = {

/* Begin PBXBuildFile section */
		07DCAA5642E8B8BB8A8809C9 /* MainWindowController.swift in Sources */ = {isa = PBXBuildFile; fileRef = 0B7509B33190DF36A91F1680 /* MainWindowController.swift */; };
		08EFFD9EA289127E2010CA17 /* AppDelegate.swift in Sources */ = {isa = PBXBuildFile; fileRef = CD94D4AC9A613370FE974BD3 /* AppDelegate.swift */; };
		11AD2934690832F4BD328F45 /* Assets.xcassets in Resources */ = {isa = PBXBuildFile; fileRef = 13D2F81D6FF064EF2A8D046E /* Assets.xcassets */; };
		1BBFA530EFF214B38ECC88B9 /* tcc_audit_app.html in Resources */ = {isa = PBXBuildFile; fileRef = E8A71B703033EDA65B933F2F /* tcc_audit_app.html */; };
		3143669A38D6933356ACA77A /* sql-wasm.js in Resources */ = {isa = PBXBuildFile; fileRef = 6FAF4ED27CC7C3BA24AF73D4 /* sql-wasm.js */; };
		67EA3B6C96A22F026A6E5DE0 /* AboutWindowController.swift in Sources */ = {isa = PBXBuildFile; fileRef = A71628B65C1C3DAB60DCDD83 /* AboutWindowController.swift */; };
		80175C9D9E0530E38B39C5BE /* main.swift in Sources */ = {isa = PBXBuildFile; fileRef = 11DEFC49C8568C7C56DE7211 /* main.swift */; };
		8E370E7E23851768F663F70F /* DownloadHandler.swift in Sources */ = {isa = PBXBuildFile; fileRef = A8C9A12655894B5A394F64BD /* DownloadHandler.swift */; };
		A415A63CA5E4B3AC7C175CB8 /* WebViewController.swift in Sources */ = {isa = PBXBuildFile; fileRef = 95A8E5CEE3D8E515349FD663 /* WebViewController.swift */; };
		CD2846726047EDAB5D1952E2 /* sql-wasm.wasm in Resources */ = {isa = PBXBuildFile; fileRef = FA4D3B59469F92B70AD6355F /* sql-wasm.wasm */; };
/* End PBXBuildFile section */

/* Begin PBXFileReference section */
		0B7509B33190DF36A91F1680 /* MainWindowController.swift */ = {isa = PBXFileReference; lastKnownFileType = sourcecode.swift; path = MainWindowController.swift; sourceTree = "<group>"; };
		11DEFC49C8568C7C56DE7211 /* main.swift */ = {isa = PBXFileReference; lastKnownFileType = sourcecode.swift; path = main.swift; sourceTree = "<group>"; };
		13D2F81D6FF064EF2A8D046E /* Assets.xcassets */ = {isa = PBXFileReference; lastKnownFileType = folder.assetcatalog; path = Assets.xcassets; sourceTree = "<group>"; };
		34C4A19B6F698407847DF441 /* Clearance.app */ = {isa = PBXFileReference; explicitFileType = wrapper.application; includeInIndex = 0; path = Clearance.app; sourceTree = BUILT_PRODUCTS_DIR; };
		6FAF4ED27CC7C3BA24AF73D4 /* sql-wasm.js */ = {isa = PBXFileReference; lastKnownFileType = sourcecode.javascript; path = "sql-wasm.js"; sourceTree = "<group>"; };
		95A8E5CEE3D8E515349FD663 /* WebViewController.swift */ = {isa = PBXFileReference; lastKnownFileType = sourcecode.swift; path = WebViewController.swift; sourceTree = "<group>"; };
		A71628B65C1C3DAB60DCDD83 /* AboutWindowController.swift */ = {isa = PBXFileReference; lastKnownFileType = sourcecode.swift; path = AboutWindowController.swift; sourceTree = "<group>"; };
		A8C9A12655894B5A394F64BD /* DownloadHandler.swift */ = {isa = PBXFileReference; lastKnownFileType = sourcecode.swift; path = DownloadHandler.swift; sourceTree = "<group>"; };
		CD94D4AC9A613370FE974BD3 /* AppDelegate.swift */ = {isa = PBXFileReference; lastKnownFileType = sourcecode.swift; path = AppDelegate.swift; sourceTree = "<group>"; };
		E8A71B703033EDA65B933F2F /* tcc_audit_app.html */ = {isa = PBXFileReference; lastKnownFileType = text.html; path = tcc_audit_app.html; sourceTree = "<group>"; };
		FA4D3B59469F92B70AD6355F /* sql-wasm.wasm */ = {isa = PBXFileReference; path = "sql-wasm.wasm"; sourceTree = "<group>"; };
/* End PBXFileReference section */

/* Begin PBXGroup section */
		16545B835C0A0207E7B147B6 /* Products */ = {
			isa = PBXGroup;
			children = (
				34C4A19B6F698407847DF441 /* Clearance.app */,
			);
			name = Products;
			sourceTree = "<group>";
		};
		5F4202E9B8451134293F0B24 = {
			isa = PBXGroup;
			children = (
				D183F7BE0F49CD9177BF3CB2 /* Clearance */,
				16545B835C0A0207E7B147B6 /* Products */,
			);
			sourceTree = "<group>";
		};
		D183F7BE0F49CD9177BF3CB2 /* Clearance */ = {
			isa = PBXGroup;
			children = (
				A71628B65C1C3DAB60DCDD83 /* AboutWindowController.swift */,
				CD94D4AC9A613370FE974BD3 /* AppDelegate.swift */,
				A8C9A12655894B5A394F64BD /* DownloadHandler.swift */,
				11DEFC49C8568C7C56DE7211 /* main.swift */,
				0B7509B33190DF36A91F1680 /* MainWindowController.swift */,
				95A8E5CEE3D8E515349FD663 /* WebViewController.swift */,
				D2695EE915BD32C0F50E3ECC /* Resources */,
			);
			path = Clearance;
			sourceTree = "<group>";
		};
		D2695EE915BD32C0F50E3ECC /* Resources */ = {
			isa = PBXGroup;
			children = (
				13D2F81D6FF064EF2A8D046E /* Assets.xcassets */,
				6FAF4ED27CC7C3BA24AF73D4 /* sql-wasm.js */,
				FA4D3B59469F92B70AD6355F /* sql-wasm.wasm */,
				E8A71B703033EDA65B933F2F /* tcc_audit_app.html */,
			);
			path = Resources;
			sourceTree = "<group>";
		};
/* End PBXGroup section */

/* Begin PBXNativeTarget section */
		0968501C6A4F63E013A14374 /* Clearance */ = {
			isa = PBXNativeTarget;
			buildConfigurationList = 66D50FD0BD238C874A3E4AB7 /* Build configuration list for PBXNativeTarget "Clearance" */;
			buildPhases = (
				B5D2C165DB0D4284ED6D9441 /* Sources */,
				5D536788E95DF6F6FDDE30C1 /* Resources */,
			);
			buildRules = (
			);
			dependencies = (
			);
			name = Clearance;
			packageProductDependencies = (
			);
			productName = Clearance;
			productReference = 34C4A19B6F698407847DF441 /* Clearance.app */;
			productType = "com.apple.product-type.application";
		};
/* End PBXNativeTarget section */

/* Begin PBXProject section */
		71D601864E4D2AADDC25175D /* Project object */ = {
			isa = PBXProject;
			attributes = {
				BuildIndependentTargetsInParallel = YES;
				LastUpgradeCheck = 1500;
				TargetAttributes = {
					0968501C6A4F63E013A14374 = {
						DevelopmentTeam = "";
						ProvisioningStyle = Manual;
					};
				};
			};
			buildConfigurationList = ED66D83F11FC4A029E6C5E1A /* Build configuration list for PBXProject "Clearance" */;
			developmentRegion = en;
			hasScannedForEncodings = 0;
			knownRegions = (
				Base,
				en,
			);
			mainGroup = 5F4202E9B8451134293F0B24;
			minimizedProjectReferenceProxies = 1;
			preferredProjectObjectVersion = 77;
			productRefGroup = 16545B835C0A0207E7B147B6 /* Products */;
			projectDirPath = "";
			projectRoot = "";
			targets = (
				0968501C6A4F63E013A14374 /* Clearance */,
			);
		};
/* End PBXProject section */

/* Begin PBXResourcesBuildPhase section */
		5D536788E95DF6F6FDDE30C1 /* Resources */ = {
			isa = PBXResourcesBuildPhase;
			buildActionMask = 2147483647;
			files = (
				11AD2934690832F4BD328F45 /* Assets.xcassets in Resources */,
				3143669A38D6933356ACA77A /* sql-wasm.js in Resources */,
				CD2846726047EDAB5D1952E2 /* sql-wasm.wasm in Resources */,
				1BBFA530EFF214B38ECC88B9 /* tcc_audit_app.html in Resources */,
			);
			runOnlyForDeploymentPostprocessing = 0;
		};
/* End PBXResourcesBuildPhase section */

/* Begin PBXSourcesBuildPhase section */
		B5D2C165DB0D4284ED6D9441 /* Sources */ = {
			isa = PBXSourcesBuildPhase;
			buildActionMask = 2147483647;
			files = (
				67EA3B6C96A22F026A6E5DE0 /* AboutWindowController.swift in Sources */,
				08EFFD9EA289127E2010CA17 /* AppDelegate.swift in Sources */,
				8E370E7E23851768F663F70F /* DownloadHandler.swift in Sources */,
				07DCAA5642E8B8BB8A8809C9 /* MainWindowController.swift in Sources */,
				A415A63CA5E4B3AC7C175CB8 /* WebViewController.swift in Sources */,
				80175C9D9E0530E38B39C5BE /* main.swift in Sources */,
			);
			runOnlyForDeploymentPostprocessing = 0;
		};
/* End PBXSourcesBuildPhase section */

/* Begin XCBuildConfiguration section */
		4775811505AEFBBB0633ABFE /* Debug */ = {
			isa = XCBuildConfiguration;
			buildSettings = {
				ASSETCATALOG_COMPILER_APPICON_NAME = AppIcon;
				CODE_SIGN_IDENTITY = "-";
				CODE_SIGN_STYLE = Manual;
				COMBINE_HIDPI_IMAGES = YES;
				DEVELOPMENT_TEAM = "";
				INFOPLIST_FILE = Clearance/Info.plist;
				INFOPLIST_KEY_CFBundleDisplayName = Clearance;
				INFOPLIST_KEY_LSApplicationCategoryType = "public.app-category.utilities";
				LD_RUNPATH_SEARCH_PATHS = (
					"$(inherited)",
					"@executable_path/../Frameworks",
				);
				MACOSX_DEPLOYMENT_TARGET = 12.0;
				PRODUCT_BUNDLE_IDENTIFIER = com.ch1rag.clearance;
				PRODUCT_NAME = Clearance;
				SDKROOT = macosx;
			};
			name = Debug;
		};
		7D767B6F1B8D8D33ECA5D8E3 /* Release */ = {
			isa = XCBuildConfiguration;
			buildSettings = {
				ASSETCATALOG_COMPILER_APPICON_NAME = AppIcon;
				CODE_SIGN_IDENTITY = "-";
				CODE_SIGN_STYLE = Manual;
				COMBINE_HIDPI_IMAGES = YES;
				DEVELOPMENT_TEAM = "";
				INFOPLIST_FILE = Clearance/Info.plist;
				INFOPLIST_KEY_CFBundleDisplayName = Clearance;
				INFOPLIST_KEY_LSApplicationCategoryType = "public.app-category.utilities";
				LD_RUNPATH_SEARCH_PATHS = (
					"$(inherited)",
					"@executable_path/../Frameworks",
				);
				MACOSX_DEPLOYMENT_TARGET = 12.0;
				PRODUCT_BUNDLE_IDENTIFIER = com.ch1rag.clearance;
				PRODUCT_NAME = Clearance;
				SDKROOT = macosx;
			};
			name = Release;
		};
		F5A46CD6A1B4DAFE8D4E9A4A /* Release */ = {
			isa = XCBuildConfiguration;
			buildSettings = {
				ALWAYS_SEARCH_USER_PATHS = NO;
				ARCHS = "$(ARCHS_STANDARD)";
				CLANG_ANALYZER_NONNULL = YES;
				CLANG_ANALYZER_NUMBER_OBJECT_CONVERSION = YES_AGGRESSIVE;
				CLANG_CXX_LANGUAGE_STANDARD = "gnu++14";
				CLANG_CXX_LIBRARY = "libc++";
				CLANG_ENABLE_MODULES = YES;
				CLANG_ENABLE_OBJC_ARC = YES;
				CLANG_ENABLE_OBJC_WEAK = YES;
				CLANG_WARN_BLOCK_CAPTURE_AUTORELEASING = YES;
				CLANG_WARN_BOOL_CONVERSION = YES;
				CLANG_WARN_COMMA = YES;
				CLANG_WARN_CONSTANT_CONVERSION = YES;
				CLANG_WARN_DEPRECATED_OBJC_IMPLEMENTATIONS = YES;
				CLANG_WARN_DIRECT_OBJC_ISA_USAGE = YES_ERROR;
				CLANG_WARN_DOCUMENTATION_COMMENTS = YES;
				CLANG_WARN_EMPTY_BODY = YES;
				CLANG_WARN_ENUM_CONVERSION = YES;
				CLANG_WARN_INFINITE_RECURSION = YES;
				CLANG_WARN_INT_CONVERSION = YES;
				CLANG_WARN_NON_LITERAL_NULL_CONVERSION = YES;
				CLANG_WARN_OBJC_IMPLICIT_RETAIN_SELF = YES;
				CLANG_WARN_OBJC_LITERAL_CONVERSION = YES;
				CLANG_WARN_OBJC_ROOT_CLASS = YES_ERROR;
				CLANG_WARN_QUOTED_INCLUDE_IN_FRAMEWORK_HEADER = YES;
				CLANG_WARN_RANGE_LOOP_ANALYSIS = YES;
				CLANG_WARN_STRICT_PROTOTYPES = YES;
				CLANG_WARN_SUSPICIOUS_MOVE = YES;
				CLANG_WARN_UNGUARDED_AVAILABILITY = YES_AGGRESSIVE;
				CLANG_WARN_UNREACHABLE_CODE = YES;
				CLANG_WARN__DUPLICATE_METHOD_MATCH = YES;
				COPY_PHASE_STRIP = NO;
				CURRENT_PROJECT_VERSION = 3;
				DEBUG_INFORMATION_FORMAT = "dwarf-with-dsym";
				ENABLE_HARDENED_RUNTIME = YES;
				ENABLE_NS_ASSERTIONS = NO;
				ENABLE_STRICT_OBJC_MSGSEND = YES;
				GCC_C_LANGUAGE_STANDARD = gnu11;
				GCC_NO_COMMON_BLOCKS = YES;
				GCC_WARN_64_TO_32_BIT_CONVERSION = YES;
				GCC_WARN_ABOUT_RETURN_TYPE = YES_ERROR;
				GCC_WARN_UNDECLARED_SELECTOR = YES;
				GCC_WARN_UNINITIALIZED_AUTOS = YES_AGGRESSIVE;
				GCC_WARN_UNUSED_FUNCTION = YES;
				GCC_WARN_UNUSED_VARIABLE = YES;
				MACOSX_DEPLOYMENT_TARGET = 12.0;
				MARKETING_VERSION = 1.0.2;
				MTL_ENABLE_DEBUG_INFO = NO;
				MTL_FAST_MATH = YES;
				ONLY_ACTIVE_ARCH = NO;
				PRODUCT_NAME = "$(TARGET_NAME)";
				SDKROOT = macosx;
				SWIFT_COMPILATION_MODE = wholemodule;
				SWIFT_OPTIMIZATION_LEVEL = "-O";
				SWIFT_VERSION = 5.9;
			};
			name = Release;
		};
		FF8FE07DBBD62E5267487232 /* Debug */ = {
			isa = XCBuildConfiguration;
			buildSettings = {
				ALWAYS_SEARCH_USER_PATHS = NO;
				ARCHS = "$(ARCHS_STANDARD)";
				CLANG_ANALYZER_NONNULL = YES;
				CLANG_ANALYZER_NUMBER_OBJECT_CONVERSION = YES_AGGRESSIVE;
				CLANG_CXX_LANGUAGE_STANDARD = "gnu++14";
				CLANG_CXX_LIBRARY = "libc++";
				CLANG_ENABLE_MODULES = YES;
				CLANG_ENABLE_OBJC_ARC = YES;
				CLANG_ENABLE_OBJC_WEAK = YES;
				CLANG_WARN_BLOCK_CAPTURE_AUTORELEASING = YES;
				CLANG_WARN_BOOL_CONVERSION = YES;
				CLANG_WARN_COMMA = YES;
				CLANG_WARN_CONSTANT_CONVERSION = YES;
				CLANG_WARN_DEPRECATED_OBJC_IMPLEMENTATIONS = YES;
				CLANG_WARN_DIRECT_OBJC_ISA_USAGE = YES_ERROR;
				CLANG_WARN_DOCUMENTATION_COMMENTS = YES;
				CLANG_WARN_EMPTY_BODY = YES;
				CLANG_WARN_ENUM_CONVERSION = YES;
				CLANG_WARN_INFINITE_RECURSION = YES;
				CLANG_WARN_INT_CONVERSION = YES;
				CLANG_WARN_NON_LITERAL_NULL_CONVERSION = YES;
				CLANG_WARN_OBJC_IMPLICIT_RETAIN_SELF = YES;
				CLANG_WARN_OBJC_LITERAL_CONVERSION = YES;
				CLANG_WARN_OBJC_ROOT_CLASS = YES_ERROR;
				CLANG_WARN_QUOTED_INCLUDE_IN_FRAMEWORK_HEADER = YES;
				CLANG_WARN_RANGE_LOOP_ANALYSIS = YES;
				CLANG_WARN_STRICT_PROTOTYPES = YES;
				CLANG_WARN_SUSPICIOUS_MOVE = YES;
				CLANG_WARN_UNGUARDED_AVAILABILITY = YES_AGGRESSIVE;
				CLANG_WARN_UNREACHABLE_CODE = YES;
				CLANG_WARN__DUPLICATE_METHOD_MATCH = YES;
				COPY_PHASE_STRIP = NO;
				CURRENT_PROJECT_VERSION = 3;
				DEBUG_INFORMATION_FORMAT = dwarf;
				ENABLE_HARDENED_RUNTIME = YES;
				ENABLE_STRICT_OBJC_MSGSEND = YES;
				ENABLE_TESTABILITY = YES;
				GCC_C_LANGUAGE_STANDARD = gnu11;
				GCC_DYNAMIC_NO_PIC = NO;
				GCC_NO_COMMON_BLOCKS = YES;
				GCC_OPTIMIZATION_LEVEL = 0;
				GCC_PREPROCESSOR_DEFINITIONS = (
					"$(inherited)",
					"DEBUG=1",
				);
				GCC_WARN_64_TO_32_BIT_CONVERSION = YES;
				GCC_WARN_ABOUT_RETURN_TYPE = YES_ERROR;
				GCC_WARN_UNDECLARED_SELECTOR = YES;
				GCC_WARN_UNINITIALIZED_AUTOS = YES_AGGRESSIVE;
				GCC_WARN_UNUSED_FUNCTION = YES;
				GCC_WARN_UNUSED_VARIABLE = YES;
				MACOSX_DEPLOYMENT_TARGET = 12.0;
				MARKETING_VERSION = 1.0.2;
				MTL_ENABLE_DEBUG_INFO = INCLUDE_SOURCE;
				MTL_FAST_MATH = YES;
				ONLY_ACTIVE_ARCH = NO;
				PRODUCT_NAME = "$(TARGET_NAME)";
				SDKROOT = macosx;
				SWIFT_ACTIVE_COMPILATION_CONDITIONS = DEBUG;
				SWIFT_OPTIMIZATION_LEVEL = "-Onone";
				SWIFT_VERSION = 5.9;
			};
			name = Debug;
		};
/* End XCBuildConfiguration section */

/* Begin XCConfigurationList section */
		66D50FD0BD238C874A3E4AB7 /* Build configuration list for PBXNativeTarget "Clearance" */ = {
			isa = XCConfigurationList;
			buildConfigurations = (
				4775811505AEFBBB0633ABFE /* Debug */,
				7D767B6F1B8D8D33ECA5D8E3 /* Release */,
			);
			defaultConfigurationIsVisible = 0;
			defaultConfigurationName = Debug;
		};
		ED66D83F11FC4A029E6C5E1A /* Build configuration list for PBXProject "Clearance" */ = {
			isa = XCConfigurationList;
			buildConfigurations = (
				FF8FE07DBBD62E5267487232 /* Debug */,
				F5A46CD6A1B4DAFE8D4E9A4A /* Release */,
			);
			defaultConfigurationIsVisible = 0;
			defaultConfigurationName = Debug;
		};
/* End XCConfigurationList section */
	};
	rootObject = 71D601864E4D2AADDC25175D /* Project object */;
}
